
Microsoft Visual Studio Solution File, Format Version 12.00
# Visual Studio Version 17
VisualStudioVersion = 17.3.32819.101
MinimumVisualStudioVersion = 10.0.40219.1
Project("{FAE04EC0-301F-11D3-BF4B-00C04F79EFBC}") = "gRPCServerReflection", "gRPCServerReflection\gRPCServerReflection.csproj", "{A7DEAC28-DA4D-41CE-BFD3-24E11742E75B}"
EndProject
Project("{FAE04EC0-301F-11D3-BF4B-00C04F79EFBC}") = "gRPCClient", "gRPCClient\gRPCClient.csproj", "{3ED441A3-4CD6-4415-95C5-CF1E4C02B209}"
EndProject
Global
	GlobalSection(SolutionConfigurationPlatforms) = preSolution
		Debug|Any CPU = Debug|Any CPU
		Release|Any CPU = Release|Any CPU
	EndGlobalSection
	GlobalSection(ProjectConfigurationPlatforms) = postSolution
		{A7DEAC28-DA4D-41CE-BFD3-24E11742E75B}.Debug|Any CPU.ActiveCfg = Debug|Any CPU
		{A7DEAC28-DA4D-41CE-BFD3-24E11742E75B}.Debug|Any CPU.Build.0 = Debug|Any CPU
		{A7DEAC28-DA4D-41CE-BFD3-24E11742E75B}.Release|Any CPU.ActiveCfg = Release|Any CPU
		{A7DEAC28-DA4D-41CE-BFD3-24E11742E75B}.Release|Any CPU.Build.0 = Release|Any CPU
		{3ED441A3-4CD6-4415-95C5-CF1E4C02B209}.Debug|Any CPU.ActiveCfg = Debug|Any CPU
		{3ED441A3-4CD6-4415-95C5-CF1E4C02B209}.Debug|Any CPU.Build.0 = Debug|Any CPU
		{3ED441A3-4CD6-4415-95C5-CF1E4C02B209}.Release|Any CPU.ActiveCfg = Release|Any CPU
		{3ED441A3-4CD6-4415-95C5-CF1E4C02B209}.Release|Any CPU.Build.0 = Release|Any CPU
	EndGlobalSection
	GlobalSection(SolutionProperties) = preSolution
		HideSolutionNode = FALSE
	EndGlobalSection
	GlobalSection(ExtensibilityGlobals) = postSolution
		SolutionGuid = {770D059E-7FC1-4B75-A26B-54AC3D70B1AD}
	EndGlobalSection
EndGlobal
